
Microsoft Visual Studio Solution File, Format Version 12.00
# Visual Studio 15
VisualStudioVersion = 15.0.28307.168
MinimumVisualStudioVersion = 10.0.40219.1
Project("{FAE04EC0-301F-11D3-BF4B-00C04F79EFBC}") = "AltinorduWebProject", "AltinorduWebProject\AltinorduWebProject.csproj", "{46465860-A6AB-4E30-9D2C-69589FA5238D}"
EndProject
Project("{FAE04EC0-301F-11D3-BF4B-00C04F79EFBC}") = "BusinessLayer", "BusinessLayer\BusinessLayer.csproj", "{FC900225-8962-47CB-A2F2-94CE0DAEAF33}"
EndProject
Project("{FAE04EC0-301F-11D3-BF4B-00C04F79EFBC}") = "DataAccessLayer", "DataAccessLayer\DataAccessLayer.csproj", "{5FB2E397-71DD-408D-A3C9-85E963D18497}"
EndProject
Project("{FAE04EC0-301F-11D3-BF4B-00C04F79EFBC}") = "Entities", "Entities\Entities.csproj", "{1CE189D8-2194-4D0A-8725-EE18B61FEE5B}"
EndProject
Global
	GlobalSection(SolutionConfigurationPlatforms) = preSolution
		Debug|Any CPU = Debug|Any CPU
		Release|Any CPU = Release|Any CPU
	EndGlobalSection
	GlobalSection(ProjectConfigurationPlatforms) = postSolution
		{46465860-A6AB-4E30-9D2C-69589FA5238D}.Debug|Any CPU.ActiveCfg = Debug|Any CPU
		{46465860-A6AB-4E30-9D2C-69589FA5238D}.Debug|Any CPU.Build.0 = Debug|Any CPU
		{46465860-A6AB-4E30-9D2C-69589FA5238D}.Release|Any CPU.ActiveCfg = Release|Any CPU
		{46465860-A6AB-4E30-9D2C-69589FA5238D}.Release|Any CPU.Build.0 = Release|Any CPU
		{FC900225-8962-47CB-A2F2-94CE0DAEAF33}.Debug|Any CPU.ActiveCfg = Debug|Any CPU
		{FC900225-8962-47CB-A2F2-94CE0DAEAF33}.Debug|Any CPU.Build.0 = Debug|Any CPU
		{FC900225-8962-47CB-A2F2-94CE0DAEAF33}.Release|Any CPU.ActiveCfg = Release|Any CPU
		{FC900225-8962-47CB-A2F2-94CE0DAEAF33}.Release|Any CPU.Build.0 = Release|Any CPU
		{5FB2E397-71DD-408D-A3C9-85E963D18497}.Debug|Any CPU.ActiveCfg = Debug|Any CPU
		{5FB2E397-71DD-408D-A3C9-85E963D18497}.Debug|Any CPU.Build.0 = Debug|Any CPU
		{5FB2E397-71DD-408D-A3C9-85E963D18497}.Release|Any CPU.ActiveCfg = Release|Any CPU
		{5FB2E397-71DD-408D-A3C9-85E963D18497}.Release|Any CPU.Build.0 = Release|Any CPU
		{1CE189D8-2194-4D0A-8725-EE18B61FEE5B}.Debug|Any CPU.ActiveCfg = Debug|Any CPU
		{1CE189D8-2194-4D0A-8725-EE18B61FEE5B}.Debug|Any CPU.Build.0 = Debug|Any CPU
		{1CE189D8-2194-4D0A-8725-EE18B61FEE5B}.Release|Any CPU.ActiveCfg = Release|Any CPU
		{1CE189D8-2194-4D0A-8725-EE18B61FEE5B}.Release|Any CPU.Build.0 = Release|Any CPU
	EndGlobalSection
	GlobalSection(SolutionProperties) = preSolution
		HideSolutionNode = FALSE
	EndGlobalSection
	GlobalSection(ExtensibilityGlobals) = postSolution
		SolutionGuid = {EB0631E7-3AFF-4758-95DD-9145AEFA6B7B}
	EndGlobalSection
EndGlobal
